// !$*UTF8*$!
{
	archiveVersion = 1;
	classes = {
	};
	objectVersion = 56;
	objects = {

/* Begin PBXBuildFile section */
		C3034A9D2D751DAE00EE3076 /* BrandResponse.swift in Sources */ = {isa = PBXBuildFile; fileRef = C3034A9C2D751DAE00EE3076 /* BrandResponse.swift */; };
		C3034AA02D751DF900EE3076 /* DefaultHomeRepo.swift in Sources */ = {isa = PBXBuildFile; fileRef = C3034A9F2D751DF900EE3076 /* DefaultHomeRepo.swift */; };
		C3034AA42D751E6300EE3076 /* HomeRepo.swift in Sources */ = {isa = PBXBuildFile; fileRef = C3034AA32D751E6300EE3076 /* HomeRepo.swift */; };
		C3034AA72D7523C500EE3076 /* Kingfisher in Frameworks */ = {isa = PBXBuildFile; productRef = C3034AA62D7523C500EE3076 /* Kingfisher */; };
		C3287A032D74FA2E004EEC89 /* HomeViewModel.swift in Sources */ = {isa = PBXBuildFile; fileRef = C3287A022D74FA2E004EEC89 /* HomeViewModel.swift */; };
		C3287A062D750695004EEC89 /* GradientView.swift in Sources */ = {isa = PBXBuildFile; fileRef = C3287A052D750695004EEC89 /* GradientView.swift */; };
		C3287A082D750C48004EEC89 /* SearchTextField.swift in Sources */ = {isa = PBXBuildFile; fileRef = C3287A072D750C48004EEC89 /* SearchTextField.swift */; };
		C3287A192D751229004EEC89 /* Poppins-Light.ttf in Resources */ = {isa = PBXBuildFile; fileRef = C3287A0B2D751229004EEC89 /* Poppins-Light.ttf */; };
		C3287A1A2D751229004EEC89 /* Poppins-Medium.ttf in Resources */ = {isa = PBXBuildFile; fileRef = C3287A0C2D751229004EEC89 /* Poppins-Medium.ttf */; };
		C3287A1E2D751229004EEC89 /* Fonts.swift in Sources */ = {isa = PBXBuildFile; fileRef = C3287A102D751229004EEC89 /* Fonts.swift */; };
		C3287A212D751229004EEC89 /* Poppins-Regular.ttf in Resources */ = {isa = PBXBuildFile; fileRef = C3287A132D751229004EEC89 /* Poppins-Regular.ttf */; };
		C3287A232D751229004EEC89 /* Poppins-Bold.ttf in Resources */ = {isa = PBXBuildFile; fileRef = C3287A152D751229004EEC89 /* Poppins-Bold.ttf */; };
		C3287A242D751229004EEC89 /* Poppins-Black.ttf in Resources */ = {isa = PBXBuildFile; fileRef = C3287A162D751229004EEC89 /* Poppins-Black.ttf */; };
		C3287A252D751229004EEC89 /* Poppins-SemiBold.ttf in Resources */ = {isa = PBXBuildFile; fileRef = C3287A172D751229004EEC89 /* Poppins-SemiBold.ttf */; };
		C3287A292D751694004EEC89 /* BrandCell.swift in Sources */ = {isa = PBXBuildFile; fileRef = C3287A272D751694004EEC89 /* BrandCell.swift */; };
		C3287A2A2D751694004EEC89 /* BrandCell.xib in Resources */ = {isa = PBXBuildFile; fileRef = C3287A282D751694004EEC89 /* BrandCell.xib */; };
		C36B444D2D74E8BB00E0BCC5 /* AppDelegate.swift in Sources */ = {isa = PBXBuildFile; fileRef = C36B444C2D74E8BB00E0BCC5 /* AppDelegate.swift */; };
		C36B44562D74E8BD00E0BCC5 /* Assets.xcassets in Resources */ = {isa = PBXBuildFile; fileRef = C36B44552D74E8BD00E0BCC5 /* Assets.xcassets */; };
		C36B44592D74E8BD00E0BCC5 /* LaunchScreen.storyboard in Resources */ = {isa = PBXBuildFile; fileRef = C36B44572D74E8BD00E0BCC5 /* LaunchScreen.storyboard */; };
		C36B44622D74EAC400E0BCC5 /* Alamofire in Frameworks */ = {isa = PBXBuildFile; productRef = C36B44612D74EAC400E0BCC5 /* Alamofire */; };
		C36B44652D74EAE200E0BCC5 /* RxCocoa in Frameworks */ = {isa = PBXBuildFile; productRef = C36B44642D74EAE200E0BCC5 /* RxCocoa */; };
		C36B44672D74EAE200E0BCC5 /* RxSwift in Frameworks */ = {isa = PBXBuildFile; productRef = C36B44662D74EAE200E0BCC5 /* RxSwift */; };
		C36B44AB2D74EB2800E0BCC5 /* UITextField_ext.swift in Sources */ = {isa = PBXBuildFile; fileRef = C36B44692D74EB2700E0BCC5 /* UITextField_ext.swift */; };
		C36B44AC2D74EB2800E0BCC5 /* UITableView_Ext.swift in Sources */ = {isa = PBXBuildFile; fileRef = C36B446A2D74EB2700E0BCC5 /* UITableView_Ext.swift */; };
		C36B44AD2D74EB2800E0BCC5 /* UICollectionView_Ext.swift in Sources */ = {isa = PBXBuildFile; fileRef = C36B446B2D74EB2700E0BCC5 /* UICollectionView_Ext.swift */; };
		C36B44AE2D74EB2800E0BCC5 /* UIviewController_Ext.swift in Sources */ = {isa = PBXBuildFile; fileRef = C36B446C2D74EB2700E0BCC5 /* UIviewController_Ext.swift */; };
		C36B44AF2D74EB2800E0BCC5 /* UIView_Ext.swift in Sources */ = {isa = PBXBuildFile; fileRef = C36B446D2D74EB2700E0BCC5 /* UIView_Ext.swift */; };
		C36B44B02D74EB2800E0BCC5 /* String_Ext.swift in Sources */ = {isa = PBXBuildFile; fileRef = C36B446E2D74EB2700E0BCC5 /* String_Ext.swift */; };
		C36B44B12D74EB2800E0BCC5 /* UIColor_Ext.swift in Sources */ = {isa = PBXBuildFile; fileRef = C36B446F2D74EB2700E0BCC5 /* UIColor_Ext.swift */; };
		C36B44B42D74EB2800E0BCC5 /* Constants.swift in Sources */ = {isa = PBXBuildFile; fileRef = C36B44742D74EB2700E0BCC5 /* Constants.swift */; };
		C36B44B62D74EB2800E0BCC5 /* AppCoordinator.swift in Sources */ = {isa = PBXBuildFile; fileRef = C36B44782D74EB2700E0BCC5 /* AppCoordinator.swift */; };
		C36B44B72D74EB2800E0BCC5 /* MainNavigator.swift in Sources */ = {isa = PBXBuildFile; fileRef = C36B447A2D74EB2700E0BCC5 /* MainNavigator.swift */; };
		C36B44CB2D74EB2800E0BCC5 /* Coordinator.swift in Sources */ = {isa = PBXBuildFile; fileRef = C36B44912D74EB2700E0BCC5 /* Coordinator.swift */; };
		C36B44CC2D74EB2800E0BCC5 /* Navigator.swift in Sources */ = {isa = PBXBuildFile; fileRef = C36B44922D74EB2700E0BCC5 /* Navigator.swift */; };
		C36B44CD2D74EB2800E0BCC5 /* BaseWireFrame.swift in Sources */ = {isa = PBXBuildFile; fileRef = C36B44942D74EB2700E0BCC5 /* BaseWireFrame.swift */; };
		C36B44D22D74EB2800E0BCC5 /* HomeRouter.swift in Sources */ = {isa = PBXBuildFile; fileRef = C36B449D2D74EB2700E0BCC5 /* HomeRouter.swift */; };
		C36B44D32D74EB2800E0BCC5 /* HomeClient.swift in Sources */ = {isa = PBXBuildFile; fileRef = C36B449E2D74EB2700E0BCC5 /* HomeClient.swift */; };
		C36B44DA2D74EB2800E0BCC5 /* BaseClient.swift in Sources */ = {isa = PBXBuildFile; fileRef = C36B44A92D74EB2700E0BCC5 /* BaseClient.swift */; };
		C36B44DB2D74EB2800E0BCC5 /* BaseRouter.swift in Sources */ = {isa = PBXBuildFile; fileRef = C36B44AA2D74EB2700E0BCC5 /* BaseRouter.swift */; };
		C36B44DE2D74EBD200E0BCC5 /* MBProgressHUD in Frameworks */ = {isa = PBXBuildFile; productRef = C36B44DD2D74EBD200E0BCC5 /* MBProgressHUD */; };
		C36B44E52D74EF0800E0BCC5 /* HomeVC.swift in Sources */ = {isa = PBXBuildFile; fileRef = C36B44E32D74EF0800E0BCC5 /* HomeVC.swift */; };
		C36B44E62D74EF0800E0BCC5 /* HomeVC.xib in Resources */ = {isa = PBXBuildFile; fileRef = C36B44E42D74EF0800E0BCC5 /* HomeVC.xib */; };
/* End PBXBuildFile section */

/* Begin PBXFileReference section */
		C3034A9C2D751DAE00EE3076 /* BrandResponse.swift */ = {isa = PBXFileReference; lastKnownFileType = sourcecode.swift; path = BrandResponse.swift; sourceTree = "<group>"; };
		C3034A9F2D751DF900EE3076 /* DefaultHomeRepo.swift */ = {isa = PBXFileReference; lastKnownFileType = sourcecode.swift; path = DefaultHomeRepo.swift; sourceTree = "<group>"; };
		C3034AA32D751E6300EE3076 /* HomeRepo.swift */ = {isa = PBXFileReference; lastKnownFileType = sourcecode.swift; path = HomeRepo.swift; sourceTree = "<group>"; };
		C3287A022D74FA2E004EEC89 /* HomeViewModel.swift */ = {isa = PBXFileReference; lastKnownFileType = sourcecode.swift; path = HomeViewModel.swift; sourceTree = "<group>"; };
		C3287A052D750695004EEC89 /* GradientView.swift */ = {isa = PBXFileReference; lastKnownFileType = sourcecode.swift; path = GradientView.swift; sourceTree = "<group>"; };
		C3287A072D750C48004EEC89 /* SearchTextField.swift */ = {isa = PBXFileReference; lastKnownFileType = sourcecode.swift; path = SearchTextField.swift; sourceTree = "<group>"; };
		C3287A0B2D751229004EEC89 /* Poppins-Light.ttf */ = {isa = PBXFileReference; lastKnownFileType = file; path = "Poppins-Light.ttf"; sourceTree = "<group>"; };
		C3287A0C2D751229004EEC89 /* Poppins-Medium.ttf */ = {isa = PBXFileReference; lastKnownFileType = file; path = "Poppins-Medium.ttf"; sourceTree = "<group>"; };
		C3287A102D751229004EEC89 /* Fonts.swift */ = {isa = PBXFileReference; fileEncoding = 4; lastKnownFileType = sourcecode.swift; path = Fonts.swift; sourceTree = "<group>"; };
		C3287A132D751229004EEC89 /* Poppins-Regular.ttf */ = {isa = PBXFileReference; lastKnownFileType = file; path = "Poppins-Regular.ttf"; sourceTree = "<group>"; };
		C3287A152D751229004EEC89 /* Poppins-Bold.ttf */ = {isa = PBXFileReference; lastKnownFileType = file; path = "Poppins-Bold.ttf"; sourceTree = "<group>"; };
		C3287A162D751229004EEC89 /* Poppins-Black.ttf */ = {isa = PBXFileReference; lastKnownFileType = file; path = "Poppins-Black.ttf"; sourceTree = "<group>"; };
		C3287A172D751229004EEC89 /* Poppins-SemiBold.ttf */ = {isa = PBXFileReference; lastKnownFileType = file; path = "Poppins-SemiBold.ttf"; sourceTree = "<group>"; };
		C3287A272D751694004EEC89 /* BrandCell.swift */ = {isa = PBXFileReference; lastKnownFileType = sourcecode.swift; path = BrandCell.swift; sourceTree = "<group>"; };
		C3287A282D751694004EEC89 /* BrandCell.xib */ = {isa = PBXFileReference; lastKnownFileType = file.xib; path = BrandCell.xib; sourceTree = "<group>"; };
		C36B44492D74E8BB00E0BCC5 /* CeretMobileTAsk.app */ = {isa = PBXFileReference; explicitFileType = wrapper.application; includeInIndex = 0; path = CeretMobileTAsk.app; sourceTree = BUILT_PRODUCTS_DIR; };
		C36B444C2D74E8BB00E0BCC5 /* AppDelegate.swift */ = {isa = PBXFileReference; lastKnownFileType = sourcecode.swift; path = AppDelegate.swift; sourceTree = "<group>"; };
		C36B44552D74E8BD00E0BCC5 /* Assets.xcassets */ = {isa = PBXFileReference; lastKnownFileType = folder.assetcatalog; path = Assets.xcassets; sourceTree = "<group>"; };
		C36B44582D74E8BD00E0BCC5 /* Base */ = {isa = PBXFileReference; lastKnownFileType = file.storyboard; name = Base; path = Base.lproj/LaunchScreen.storyboard; sourceTree = "<group>"; };
		C36B445A2D74E8BD00E0BCC5 /* Info.plist */ = {isa = PBXFileReference; lastKnownFileType = text.plist.xml; path = Info.plist; sourceTree = "<group>"; };
		C36B44692D74EB2700E0BCC5 /* UITextField_ext.swift */ = {isa = PBXFileReference; fileEncoding = 4; lastKnownFileType = sourcecode.swift; path = UITextField_ext.swift; sourceTree = "<group>"; };
		C36B446A2D74EB2700E0BCC5 /* UITableView_Ext.swift */ = {isa = PBXFileReference; fileEncoding = 4; lastKnownFileType = sourcecode.swift; path = UITableView_Ext.swift; sourceTree = "<group>"; };
		C36B446B2D74EB2700E0BCC5 /* UICollectionView_Ext.swift */ = {isa = PBXFileReference; fileEncoding = 4; lastKnownFileType = sourcecode.swift; path = UICollectionView_Ext.swift; sourceTree = "<group>"; };
		C36B446C2D74EB2700E0BCC5 /* UIviewController_Ext.swift */ = {isa = PBXFileReference; fileEncoding = 4; lastKnownFileType = sourcecode.swift; path = UIviewController_Ext.swift; sourceTree = "<group>"; };
		C36B446D2D74EB2700E0BCC5 /* UIView_Ext.swift */ = {isa = PBXFileReference; fileEncoding = 4; lastKnownFileType = sourcecode.swift; path = UIView_Ext.swift; sourceTree = "<group>"; };
		C36B446E2D74EB2700E0BCC5 /* String_Ext.swift */ = {isa = PBXFileReference; fileEncoding = 4; lastKnownFileType = sourcecode.swift; path = String_Ext.swift; sourceTree = "<group>"; };
		C36B446F2D74EB2700E0BCC5 /* UIColor_Ext.swift */ = {isa = PBXFileReference; fileEncoding = 4; lastKnownFileType = sourcecode.swift; path = UIColor_Ext.swift; sourceTree = "<group>"; };
		C36B44742D74EB2700E0BCC5 /* Constants.swift */ = {isa = PBXFileReference; fileEncoding = 4; lastKnownFileType = sourcecode.swift; path = Constants.swift; sourceTree = "<group>"; };
		C36B44782D74EB2700E0BCC5 /* AppCoordinator.swift */ = {isa = PBXFileReference; fileEncoding = 4; lastKnownFileType = sourcecode.swift; path = AppCoordinator.swift; sourceTree = "<group>"; };
		C36B447A2D74EB2700E0BCC5 /* MainNavigator.swift */ = {isa = PBXFileReference; fileEncoding = 4; lastKnownFileType = sourcecode.swift; path = MainNavigator.swift; sourceTree = "<group>"; };
		C36B44912D74EB2700E0BCC5 /* Coordinator.swift */ = {isa = PBXFileReference; fileEncoding = 4; lastKnownFileType = sourcecode.swift; path = Coordinator.swift; sourceTree = "<group>"; };
		C36B44922D74EB2700E0BCC5 /* Navigator.swift */ = {isa = PBXFileReference; fileEncoding = 4; lastKnownFileType = sourcecode.swift; path = Navigator.swift; sourceTree = "<group>"; };
		C36B44942D74EB2700E0BCC5 /* BaseWireFrame.swift */ = {isa = PBXFileReference; fileEncoding = 4; lastKnownFileType = sourcecode.swift; path = BaseWireFrame.swift; sourceTree = "<group>"; };
		C36B449D2D74EB2700E0BCC5 /* HomeRouter.swift */ = {isa = PBXFileReference; fileEncoding = 4; lastKnownFileType = sourcecode.swift; path = HomeRouter.swift; sourceTree = "<group>"; };
		C36B449E2D74EB2700E0BCC5 /* HomeClient.swift */ = {isa = PBXFileReference; fileEncoding = 4; lastKnownFileType = sourcecode.swift; path = HomeClient.swift; sourceTree = "<group>"; };
		C36B44A92D74EB2700E0BCC5 /* BaseClient.swift */ = {isa = PBXFileReference; fileEncoding = 4; lastKnownFileType = sourcecode.swift; path = BaseClient.swift; sourceTree = "<group>"; };
		C36B44AA2D74EB2700E0BCC5 /* BaseRouter.swift */ = {isa = PBXFileReference; fileEncoding = 4; lastKnownFileType = sourcecode.swift; path = BaseRouter.swift; sourceTree = "<group>"; };
		C36B44E32D74EF0800E0BCC5 /* HomeVC.swift */ = {isa = PBXFileReference; lastKnownFileType = sourcecode.swift; path = HomeVC.swift; sourceTree = "<group>"; };
		C36B44E42D74EF0800E0BCC5 /* HomeVC.xib */ = {isa = PBXFileReference; lastKnownFileType = file.xib; path = HomeVC.xib; sourceTree = "<group>"; };
/* End PBXFileReference section */

/* Begin PBXFrameworksBuildPhase section */
		C36B44462D74E8BB00E0BCC5 /* Frameworks */ = {
			isa = PBXFrameworksBuildPhase;
			buildActionMask = 2147483647;
			files = (
				C36B44672D74EAE200E0BCC5 /* RxSwift in Frameworks */,
				C36B44652D74EAE200E0BCC5 /* RxCocoa in Frameworks */,
				C36B44DE2D74EBD200E0BCC5 /* MBProgressHUD in Frameworks */,
				C36B44622D74EAC400E0BCC5 /* Alamofire in Frameworks */,
				C3034AA72D7523C500EE3076 /* Kingfisher in Frameworks */,
			);
			runOnlyForDeploymentPostprocessing = 0;
		};
/* End PBXFrameworksBuildPhase section */

/* Begin PBXGroup section */
		C3034A9A2D751D8400EE3076 /* Domain */ = {
			isa = PBXGroup;
			children = (
				C3034A9E2D751DCA00EE3076 /* Repository */,
				C3034A9B2D751D9C00EE3076 /* Entities */,
			);
			path = Domain;
			sourceTree = "<group>";
		};
		C3034A9B2D751D9C00EE3076 /* Entities */ = {
			isa = PBXGroup;
			children = (
				C3034A9C2D751DAE00EE3076 /* BrandResponse.swift */,
			);
			path = Entities;
			sourceTree = "<group>";
		};
		C3034A9E2D751DCA00EE3076 /* Repository */ = {
			isa = PBXGroup;
			children = (
				C3034AA32D751E6300EE3076 /* HomeRepo.swift */,
			);
			path = Repository;
			sourceTree = "<group>";
		};
		C3034AA12D751E0600EE3076 /* Data */ = {
			isa = PBXGroup;
			children = (
				C3034AA22D751E2200EE3076 /* Repository */,
			);
			path = Data;
			sourceTree = "<group>";
		};
		C3034AA22D751E2200EE3076 /* Repository */ = {
			isa = PBXGroup;
			children = (
				C3034A9F2D751DF900EE3076 /* DefaultHomeRepo.swift */,
			);
			path = Repository;
			sourceTree = "<group>";
		};
		C3287A042D750655004EEC89 /* CustomView */ = {
			isa = PBXGroup;
			children = (
				C3287A052D750695004EEC89 /* GradientView.swift */,
				C3287A072D750C48004EEC89 /* SearchTextField.swift */,
			);
			path = CustomView;
			sourceTree = "<group>";
		};
		C3287A092D751229004EEC89 /* Fonts */ = {
			isa = PBXGroup;
			children = (
				C3287A102D751229004EEC89 /* Fonts.swift */,
				C3287A0B2D751229004EEC89 /* Poppins-Light.ttf */,
				C3287A0C2D751229004EEC89 /* Poppins-Medium.ttf */,
				C3287A132D751229004EEC89 /* Poppins-Regular.ttf */,
				C3287A152D751229004EEC89 /* Poppins-Bold.ttf */,
				C3287A162D751229004EEC89 /* Poppins-Black.ttf */,
				C3287A172D751229004EEC89 /* Poppins-SemiBold.ttf */,
			);
			path = Fonts;
			sourceTree = "<group>";
		};
		C3287A262D75165C004EEC89 /* Cell */ = {
			isa = PBXGroup;
			children = (
				C3287A272D751694004EEC89 /* BrandCell.swift */,
				C3287A282D751694004EEC89 /* BrandCell.xib */,
			);
			path = Cell;
			sourceTree = "<group>";
		};
		C36B44402D74E8BA00E0BCC5 = {
			isa = PBXGroup;
			children = (
				C36B444B2D74E8BB00E0BCC5 /* CeretMobileTAsk */,
				C36B444A2D74E8BB00E0BCC5 /* Products */,
			);
			sourceTree = "<group>";
		};
		C36B444A2D74E8BB00E0BCC5 /* Products */ = {
			isa = PBXGroup;
			children = (
				C36B44492D74E8BB00E0BCC5 /* CeretMobileTAsk.app */,
			);
			name = Products;
			sourceTree = "<group>";
		};
		C36B444B2D74E8BB00E0BCC5 /* CeretMobileTAsk */ = {
			isa = PBXGroup;
			children = (
				C3287A042D750655004EEC89 /* CustomView */,
				C36B44732D74EB2700E0BCC5 /* Utilities */,
				C36B44682D74EB2700E0BCC5 /* Extetntions */,
				C36B44952D74EB2700E0BCC5 /* Network */,
				C3034AA12D751E0600EE3076 /* Data */,
				C3034A9A2D751D8400EE3076 /* Domain */,
				C36B44E12D74EEE800E0BCC5 /* Scene */,
				C36B44E02D74ED7E00E0BCC5 /* Assets */,
				C36B44DF2D74ED6600E0BCC5 /* Core */,
				C36B445A2D74E8BD00E0BCC5 /* Info.plist */,
			);
			path = CeretMobileTAsk;
			sourceTree = "<group>";
		};
		C36B44682D74EB2700E0BCC5 /* Extetntions */ = {
			isa = PBXGroup;
			children = (
				C36B44692D74EB2700E0BCC5 /* UITextField_ext.swift */,
				C36B446A2D74EB2700E0BCC5 /* UITableView_Ext.swift */,
				C36B446B2D74EB2700E0BCC5 /* UICollectionView_Ext.swift */,
				C36B446C2D74EB2700E0BCC5 /* UIviewController_Ext.swift */,
				C36B446D2D74EB2700E0BCC5 /* UIView_Ext.swift */,
				C36B446E2D74EB2700E0BCC5 /* String_Ext.swift */,
				C36B446F2D74EB2700E0BCC5 /* UIColor_Ext.swift */,
			);
			path = Extetntions;
			sourceTree = "<group>";
		};
		C36B44732D74EB2700E0BCC5 /* Utilities */ = {
			isa = PBXGroup;
			children = (
				C3287A092D751229004EEC89 /* Fonts */,
				C36B44742D74EB2700E0BCC5 /* Constants.swift */,
				C36B44772D74EB2700E0BCC5 /* AppCoordinator */,
				C36B44792D74EB2700E0BCC5 /* Navigators */,
				C36B44902D74EB2700E0BCC5 /* Protocols */,
				C36B44932D74EB2700E0BCC5 /* BaseWireFrame */,
			);
			path = Utilities;
			sourceTree = "<group>";
		};
		C36B44772D74EB2700E0BCC5 /* AppCoordinator */ = {
			isa = PBXGroup;
			children = (
				C36B44782D74EB2700E0BCC5 /* AppCoordinator.swift */,
			);
			path = AppCoordinator;
			sourceTree = "<group>";
		};
		C36B44792D74EB2700E0BCC5 /* Navigators */ = {
			isa = PBXGroup;
			children = (
				C36B447A2D74EB2700E0BCC5 /* MainNavigator.swift */,
			);
			path = Navigators;
			sourceTree = "<group>";
		};
		C36B44902D74EB2700E0BCC5 /* Protocols */ = {
			isa = PBXGroup;
			children = (
				C36B44912D74EB2700E0BCC5 /* Coordinator.swift */,
				C36B44922D74EB2700E0BCC5 /* Navigator.swift */,
			);
			path = Protocols;
			sourceTree = "<group>";
		};
		C36B44932D74EB2700E0BCC5 /* BaseWireFrame */ = {
			isa = PBXGroup;
			children = (
				C36B44942D74EB2700E0BCC5 /* BaseWireFrame.swift */,
			);
			path = BaseWireFrame;
			sourceTree = "<group>";
		};
		C36B44952D74EB2700E0BCC5 /* Network */ = {
			isa = PBXGroup;
			children = (
				C36B449C2D74EB2700E0BCC5 /* Home */,
				C36B44A82D74EB2700E0BCC5 /* Base */,
			);
			path = Network;
			sourceTree = "<group>";
		};
		C36B449C2D74EB2700E0BCC5 /* Home */ = {
			isa = PBXGroup;
			children = (
				C36B449D2D74EB2700E0BCC5 /* HomeRouter.swift */,
				C36B449E2D74EB2700E0BCC5 /* HomeClient.swift */,
			);
			path = Home;
			sourceTree = "<group>";
		};
		C36B44A82D74EB2700E0BCC5 /* Base */ = {
			isa = PBXGroup;
			children = (
				C36B44A92D74EB2700E0BCC5 /* BaseClient.swift */,
				C36B44AA2D74EB2700E0BCC5 /* BaseRouter.swift */,
			);
			path = Base;
			sourceTree = "<group>";
		};
		C36B44DF2D74ED6600E0BCC5 /* Core */ = {
			isa = PBXGroup;
			children = (
				C36B444C2D74E8BB00E0BCC5 /* AppDelegate.swift */,
			);
			path = Core;
			sourceTree = "<group>";
		};
		C36B44E02D74ED7E00E0BCC5 /* Assets */ = {
			isa = PBXGroup;
			children = (
				C36B44552D74E8BD00E0BCC5 /* Assets.xcassets */,
				C36B44572D74E8BD00E0BCC5 /* LaunchScreen.storyboard */,
			);
			path = Assets;
			sourceTree = "<group>";
		};
		C36B44E12D74EEE800E0BCC5 /* Scene */ = {
			isa = PBXGroup;
			children = (
				C36B44E22D74EEF400E0BCC5 /* Home */,
			);
			path = Scene;
			sourceTree = "<group>";
		};
		C36B44E22D74EEF400E0BCC5 /* Home */ = {
			isa = PBXGroup;
			children = (
				C3287A262D75165C004EEC89 /* Cell */,
				C36B44E32D74EF0800E0BCC5 /* HomeVC.swift */,
				C36B44E42D74EF0800E0BCC5 /* HomeVC.xib */,
				C3287A022D74FA2E004EEC89 /* HomeViewModel.swift */,
			);
			path = Home;
			sourceTree = "<group>";
		};
/* End PBXGroup section */

/* Begin PBXNativeTarget section */
		C36B44482D74E8BB00E0BCC5 /* CeretMobileTAsk */ = {
			isa = PBXNativeTarget;
			buildConfigurationList = C36B445D2D74E8BD00E0BCC5 /* Build configuration list for PBXNativeTarget "CeretMobileTAsk" */;
			buildPhases = (
				C36B44452D74E8BB00E0BCC5 /* Sources */,
				C36B44462D74E8BB00E0BCC5 /* Frameworks */,
				C36B44472D74E8BB00E0BCC5 /* Resources */,
			);
			buildRules = (
			);
			dependencies = (
			);
			name = CeretMobileTAsk;
			packageProductDependencies = (
				C36B44612D74EAC400E0BCC5 /* Alamofire */,
				C36B44642D74EAE200E0BCC5 /* RxCocoa */,
				C36B44662D74EAE200E0BCC5 /* RxSwift */,
				C36B44DD2D74EBD200E0BCC5 /* MBProgressHUD */,
				C3034AA62D7523C500EE3076 /* Kingfisher */,
			);
			productName = CeretMobileTAsk;
			productReference = C36B44492D74E8BB00E0BCC5 /* CeretMobileTAsk.app */;
			productType = "com.apple.product-type.application";
		};
/* End PBXNativeTarget section */

/* Begin PBXProject section */
		C36B44412D74E8BA00E0BCC5 /* Project object */ = {
			isa = PBXProject;
			attributes = {
				BuildIndependentTargetsInParallel = 1;
				LastSwiftUpdateCheck = 1420;
				LastUpgradeCheck = 1420;
				TargetAttributes = {
					C36B44482D74E8BB00E0BCC5 = {
						CreatedOnToolsVersion = 14.2;
					};
				};
			};
			buildConfigurationList = C36B44442D74E8BA00E0BCC5 /* Build configuration list for PBXProject "CeretMobileTAsk" */;
			compatibilityVersion = "Xcode 14.0";
			developmentRegion = en;
			hasScannedForEncodings = 0;
			knownRegions = (
				en,
				Base,
			);
			mainGroup = C36B44402D74E8BA00E0BCC5;
			packageReferences = (
				C36B44602D74EAC300E0BCC5 /* XCRemoteSwiftPackageReference "Alamofire" */,
				C36B44632D74EAE200E0BCC5 /* XCRemoteSwiftPackageReference "RxSwift" */,
				C36B44DC2D74EBD200E0BCC5 /* XCRemoteSwiftPackageReference "MBProgressHUD" */,
				C3034AA52D7523C500EE3076 /* XCRemoteSwiftPackageReference "Kingfisher" */,
			);
			productRefGroup = C36B444A2D74E8BB00E0BCC5 /* Products */;
			projectDirPath = "";
			projectRoot = "";
			targets = (
				C36B44482D74E8BB00E0BCC5 /* CeretMobileTAsk */,
			);
		};
/* End PBXProject section */

/* Begin PBXResourcesBuildPhase section */
		C36B44472D74E8BB00E0BCC5 /* Resources */ = {
			isa = PBXResourcesBuildPhase;
			buildActionMask = 2147483647;
			files = (
				C36B44592D74E8BD00E0BCC5 /* LaunchScreen.storyboard in Resources */,
				C3287A192D751229004EEC89 /* Poppins-Light.ttf in Resources */,
				C3287A212D751229004EEC89 /* Poppins-Regular.ttf in Resources */,
				C36B44E62D74EF0800E0BCC5 /* HomeVC.xib in Resources */,
				C3287A252D751229004EEC89 /* Poppins-SemiBold.ttf in Resources */,
				C3287A1A2D751229004EEC89 /* Poppins-Medium.ttf in Resources */,
				C3287A242D751229004EEC89 /* Poppins-Black.ttf in Resources */,
				C3287A232D751229004EEC89 /* Poppins-Bold.ttf in Resources */,
				C36B44562D74E8BD00E0BCC5 /* Assets.xcassets in Resources */,
				C3287A2A2D751694004EEC89 /* BrandCell.xib in Resources */,
			);
			runOnlyForDeploymentPostprocessing = 0;
		};
/* End PBXResourcesBuildPhase section */

/* Begin PBXSourcesBuildPhase section */
		C36B44452D74E8BB00E0BCC5 /* Sources */ = {
			isa = PBXSourcesBuildPhase;
			buildActionMask = 2147483647;
			files = (
				C36B44B12D74EB2800E0BCC5 /* UIColor_Ext.swift in Sources */,
				C3287A082D750C48004EEC89 /* SearchTextField.swift in Sources */,
				C36B44B02D74EB2800E0BCC5 /* String_Ext.swift in Sources */,
				C36B444D2D74E8BB00E0BCC5 /* AppDelegate.swift in Sources */,
				C3287A032D74FA2E004EEC89 /* HomeViewModel.swift in Sources */,
				C36B44AC2D74EB2800E0BCC5 /* UITableView_Ext.swift in Sources */,
				C36B44DB2D74EB2800E0BCC5 /* BaseRouter.swift in Sources */,
				C36B44CC2D74EB2800E0BCC5 /* Navigator.swift in Sources */,
				C3034A9D2D751DAE00EE3076 /* BrandResponse.swift in Sources */,
				C36B44AE2D74EB2800E0BCC5 /* UIviewController_Ext.swift in Sources */,
				C3034AA02D751DF900EE3076 /* DefaultHomeRepo.swift in Sources */,
				C36B44DA2D74EB2800E0BCC5 /* BaseClient.swift in Sources */,
				C3287A1E2D751229004EEC89 /* Fonts.swift in Sources */,
				C3034AA42D751E6300EE3076 /* HomeRepo.swift in Sources */,
				C36B44AF2D74EB2800E0BCC5 /* UIView_Ext.swift in Sources */,
				C36B44B42D74EB2800E0BCC5 /* Constants.swift in Sources */,
				C3287A062D750695004EEC89 /* GradientView.swift in Sources */,
				C36B44AD2D74EB2800E0BCC5 /* UICollectionView_Ext.swift in Sources */,
				C36B44D22D74EB2800E0BCC5 /* HomeRouter.swift in Sources */,
				C36B44CB2D74EB2800E0BCC5 /* Coordinator.swift in Sources */,
				C3287A292D751694004EEC89 /* BrandCell.swift in Sources */,
				C36B44B62D74EB2800E0BCC5 /* AppCoordinator.swift in Sources */,
				C36B44E52D74EF0800E0BCC5 /* HomeVC.swift in Sources */,
				C36B44D32D74EB2800E0BCC5 /* HomeClient.swift in Sources */,
				C36B44B72D74EB2800E0BCC5 /* MainNavigator.swift in Sources */,
				C36B44CD2D74EB2800E0BCC5 /* BaseWireFrame.swift in Sources */,
				C36B44AB2D74EB2800E0BCC5 /* UITextField_ext.swift in Sources */,
			);
			runOnlyForDeploymentPostprocessing = 0;
		};
/* End PBXSourcesBuildPhase section */

/* Begin PBXVariantGroup section */
		C36B44572D74E8BD00E0BCC5 /* LaunchScreen.storyboard */ = {
			isa = PBXVariantGroup;
			children = (
				C36B44582D74E8BD00E0BCC5 /* Base */,
			);
			name = LaunchScreen.storyboard;
			sourceTree = "<group>";
		};
/* End PBXVariantGroup section */

/* Begin XCBuildConfiguration section */
		C36B445B2D74E8BD00E0BCC5 /* Debug */ = {
			isa = XCBuildConfiguration;
			buildSettings = {
				ALWAYS_SEARCH_USER_PATHS = NO;
				CLANG_ANALYZER_NONNULL = YES;
				CLANG_ANALYZER_NUMBER_OBJECT_CONVERSION = YES_AGGRESSIVE;
				CLANG_CXX_LANGUAGE_STANDARD = "gnu++20";
				CLANG_ENABLE_MODULES = YES;
				CLANG_ENABLE_OBJC_ARC = YES;
				CLANG_ENABLE_OBJC_WEAK = YES;
				CLANG_WARN_BLOCK_CAPTURE_AUTORELEASING = YES;
				CLANG_WARN_BOOL_CONVERSION = YES;
				CLANG_WARN_COMMA = YES;
				CLANG_WARN_CONSTANT_CONVERSION = YES;
				CLANG_WARN_DEPRECATED_OBJC_IMPLEMENTATIONS = YES;
				CLANG_WARN_DIRECT_OBJC_ISA_USAGE = YES_ERROR;
				CLANG_WARN_DOCUMENTATION_COMMENTS = YES;
				CLANG_WARN_EMPTY_BODY = YES;
				CLANG_WARN_ENUM_CONVERSION = YES;
				CLANG_WARN_INFINITE_RECURSION = YES;
				CLANG_WARN_INT_CONVERSION = YES;
				CLANG_WARN_NON_LITERAL_NULL_CONVERSION = YES;
				CLANG_WARN_OBJC_IMPLICIT_RETAIN_SELF = YES;
				CLANG_WARN_OBJC_LITERAL_CONVERSION = YES;
				CLANG_WARN_OBJC_ROOT_CLASS = YES_ERROR;
				CLANG_WARN_QUOTED_INCLUDE_IN_FRAMEWORK_HEADER = YES;
				CLANG_WARN_RANGE_LOOP_ANALYSIS = YES;
				CLANG_WARN_STRICT_PROTOTYPES = YES;
				CLANG_WARN_SUSPICIOUS_MOVE = YES;
				CLANG_WARN_UNGUARDED_AVAILABILITY = YES_AGGRESSIVE;
				CLANG_WARN_UNREACHABLE_CODE = YES;
				CLANG_WARN__DUPLICATE_METHOD_MATCH = YES;
				COPY_PHASE_STRIP = NO;
				DEBUG_INFORMATION_FORMAT = dwarf;
				ENABLE_STRICT_OBJC_MSGSEND = YES;
				ENABLE_TESTABILITY = YES;
				GCC_C_LANGUAGE_STANDARD = gnu11;
				GCC_DYNAMIC_NO_PIC = NO;
				GCC_NO_COMMON_BLOCKS = YES;
				GCC_OPTIMIZATION_LEVEL = 0;
				GCC_PREPROCESSOR_DEFINITIONS = (
					"DEBUG=1",
					"$(inherited)",
				);
				GCC_WARN_64_TO_32_BIT_CONVERSION = YES;
				GCC_WARN_ABOUT_RETURN_TYPE = YES_ERROR;
				GCC_WARN_UNDECLARED_SELECTOR = YES;
				GCC_WARN_UNINITIALIZED_AUTOS = YES_AGGRESSIVE;
				GCC_WARN_UNUSED_FUNCTION = YES;
				GCC_WARN_UNUSED_VARIABLE = YES;
				IPHONEOS_DEPLOYMENT_TARGET = 16.2;
				MTL_ENABLE_DEBUG_INFO = INCLUDE_SOURCE;
				MTL_FAST_MATH = YES;
				ONLY_ACTIVE_ARCH = YES;
				SDKROOT = iphoneos;
				SWIFT_ACTIVE_COMPILATION_CONDITIONS = DEBUG;
				SWIFT_OPTIMIZATION_LEVEL = "-Onone";
			};
			name = Debug;
		};
		C36B445C2D74E8BD00E0BCC5 /* Release */ = {
			isa = XCBuildConfiguration;
			buildSettings = {
				ALWAYS_SEARCH_USER_PATHS = NO;
				CLANG_ANALYZER_NONNULL = YES;
				CLANG_ANALYZER_NUMBER_OBJECT_CONVERSION = YES_AGGRESSIVE;
				CLANG_CXX_LANGUAGE_STANDARD = "gnu++20";
				CLANG_ENABLE_MODULES = YES;
				CLANG_ENABLE_OBJC_ARC = YES;
				CLANG_ENABLE_OBJC_WEAK = YES;
				CLANG_WARN_BLOCK_CAPTURE_AUTORELEASING = YES;
				CLANG_WARN_BOOL_CONVERSION = YES;
				CLANG_WARN_COMMA = YES;
				CLANG_WARN_CONSTANT_CONVERSION = YES;
				CLANG_WARN_DEPRECATED_OBJC_IMPLEMENTATIONS = YES;
				CLANG_WARN_DIRECT_OBJC_ISA_USAGE = YES_ERROR;
				CLANG_WARN_DOCUMENTATION_COMMENTS = YES;
				CLANG_WARN_EMPTY_BODY = YES;
				CLANG_WARN_ENUM_CONVERSION = YES;
				CLANG_WARN_INFINITE_RECURSION = YES;
				CLANG_WARN_INT_CONVERSION = YES;
				CLANG_WARN_NON_LITERAL_NULL_CONVERSION = YES;
				CLANG_WARN_OBJC_IMPLICIT_RETAIN_SELF = YES;
				CLANG_WARN_OBJC_LITERAL_CONVERSION = YES;
				CLANG_WARN_OBJC_ROOT_CLASS = YES_ERROR;
				CLANG_WARN_QUOTED_INCLUDE_IN_FRAMEWORK_HEADER = YES;
				CLANG_WARN_RANGE_LOOP_ANALYSIS = YES;
				CLANG_WARN_STRICT_PROTOTYPES = YES;
				CLANG_WARN_SUSPICIOUS_MOVE = YES;
				CLANG_WARN_UNGUARDED_AVAILABILITY = YES_AGGRESSIVE;
				CLANG_WARN_UNREACHABLE_CODE = YES;
				CLANG_WARN__DUPLICATE_METHOD_MATCH = YES;
				COPY_PHASE_STRIP = NO;
				DEBUG_INFORMATION_FORMAT = "dwarf-with-dsym";
				ENABLE_NS_ASSERTIONS = NO;
				ENABLE_STRICT_OBJC_MSGSEND = YES;
				GCC_C_LANGUAGE_STANDARD = gnu11;
				GCC_NO_COMMON_BLOCKS = YES;
				GCC_WARN_64_TO_32_BIT_CONVERSION = YES;
				GCC_WARN_ABOUT_RETURN_TYPE = YES_ERROR;
				GCC_WARN_UNDECLARED_SELECTOR = YES;
				GCC_WARN_UNINITIALIZED_AUTOS = YES_AGGRESSIVE;
				GCC_WARN_UNUSED_FUNCTION = YES;
				GCC_WARN_UNUSED_VARIABLE = YES;
				IPHONEOS_DEPLOYMENT_TARGET = 16.2;
				MTL_ENABLE_DEBUG_INFO = NO;
				MTL_FAST_MATH = YES;
				SDKROOT = iphoneos;
				SWIFT_COMPILATION_MODE = wholemodule;
				SWIFT_OPTIMIZATION_LEVEL = "-O";
				VALIDATE_PRODUCT = YES;
			};
			name = Release;
		};
		C36B445E2D74E8BD00E0BCC5 /* Debug */ = {
			isa = XCBuildConfiguration;
			buildSettings = {
				ASSETCATALOG_COMPILER_APPICON_NAME = AppIcon;
				ASSETCATALOG_COMPILER_GLOBAL_ACCENT_COLOR_NAME = AccentColor;
				CODE_SIGN_STYLE = Automatic;
				CURRENT_PROJECT_VERSION = 1;
				DEVELOPMENT_TEAM = ZLT333H937;
				GENERATE_INFOPLIST_FILE = YES;
				INFOPLIST_FILE = CeretMobileTAsk/Info.plist;
				INFOPLIST_KEY_UIApplicationSupportsIndirectInputEvents = YES;
				INFOPLIST_KEY_UILaunchStoryboardName = LaunchScreen;
				INFOPLIST_KEY_UISupportedInterfaceOrientations_iPad = "UIInterfaceOrientationPortrait UIInterfaceOrientationPortraitUpsideDown UIInterfaceOrientationLandscapeLeft UIInterfaceOrientationLandscapeRight";
				INFOPLIST_KEY_UISupportedInterfaceOrientations_iPhone = "UIInterfaceOrientationPortrait UIInterfaceOrientationLandscapeLeft UIInterfaceOrientationLandscapeRight";
				LD_RUNPATH_SEARCH_PATHS = (
					"$(inherited)",
					"@executable_path/Frameworks",
				);
				MARKETING_VERSION = 1.0;
				PRODUCT_BUNDLE_IDENTIFIER = com.Dweeb.CeretMobileTAsk;
				PRODUCT_NAME = "$(TARGET_NAME)";
				SWIFT_EMIT_LOC_STRINGS = YES;
				SWIFT_VERSION = 5.0;
				TARGETED_DEVICE_FAMILY = "1,2";
			};
			name = Debug;
		};
		C36B445F2D74E8BD00E0BCC5 /* Release */ = {
			isa = XCBuildConfiguration;
			buildSettings = {
				ASSETCATALOG_COMPILER_APPICON_NAME = AppIcon;
				ASSETCATALOG_COMPILER_GLOBAL_ACCENT_COLOR_NAME = AccentColor;
				CODE_SIGN_STYLE = Automatic;
				CURRENT_PROJECT_VERSION = 1;
				DEVELOPMENT_TEAM = ZLT333H937;
				GENERATE_INFOPLIST_FILE = YES;
				INFOPLIST_FILE = CeretMobileTAsk/Info.plist;
				INFOPLIST_KEY_UIApplicationSupportsIndirectInputEvents = YES;
				INFOPLIST_KEY_UILaunchStoryboardName = LaunchScreen;
				INFOPLIST_KEY_UISupportedInterfaceOrientations_iPad = "UIInterfaceOrientationPortrait UIInterfaceOrientationPortraitUpsideDown UIInterfaceOrientationLandscapeLeft UIInterfaceOrientationLandscapeRight";
				INFOPLIST_KEY_UISupportedInterfaceOrientations_iPhone = "UIInterfaceOrientationPortrait UIInterfaceOrientationLandscapeLeft UIInterfaceOrientationLandscapeRight";
				LD_RUNPATH_SEARCH_PATHS = (
					"$(inherited)",
					"@executable_path/Frameworks",
				);
				MARKETING_VERSION = 1.0;
				PRODUCT_BUNDLE_IDENTIFIER = com.Dweeb.CeretMobileTAsk;
				PRODUCT_NAME = "$(TARGET_NAME)";
				SWIFT_EMIT_LOC_STRINGS = YES;
				SWIFT_VERSION = 5.0;
				TARGETED_DEVICE_FAMILY = "1,2";
			};
			name = Release;
		};
/* End XCBuildConfiguration section */

/* Begin XCConfigurationList section */
		C36B44442D74E8BA00E0BCC5 /* Build configuration list for PBXProject "CeretMobileTAsk" */ = {
			isa = XCConfigurationList;
			buildConfigurations = (
				C36B445B2D74E8BD00E0BCC5 /* Debug */,
				C36B445C2D74E8BD00E0BCC5 /* Release */,
			);
			defaultConfigurationIsVisible = 0;
			defaultConfigurationName = Release;
		};
		C36B445D2D74E8BD00E0BCC5 /* Build configuration list for PBXNativeTarget "CeretMobileTAsk" */ = {
			isa = XCConfigurationList;
			buildConfigurations = (
				C36B445E2D74E8BD00E0BCC5 /* Debug */,
				C36B445F2D74E8BD00E0BCC5 /* Release */,
			);
			defaultConfigurationIsVisible = 0;
			defaultConfigurationName = Release;
		};
/* End XCConfigurationList section */

/* Begin XCRemoteSwiftPackageReference section */
		C3034AA52D7523C500EE3076 /* XCRemoteSwiftPackageReference "Kingfisher" */ = {
			isa = XCRemoteSwiftPackageReference;
			repositoryURL = "https://github.com/onevcat/Kingfisher";
			requirement = {
				kind = exactVersion;
				version = 7.0.0;
			};
		};
		C36B44602D74EAC300E0BCC5 /* XCRemoteSwiftPackageReference "Alamofire" */ = {
			isa = XCRemoteSwiftPackageReference;
			repositoryURL = "https://github.com/Alamofire/Alamofire.git";
			requirement = {
				kind = upToNextMajorVersion;
				minimumVersion = 5.0.0;
			};
		};
		C36B44632D74EAE200E0BCC5 /* XCRemoteSwiftPackageReference "RxSwift" */ = {
			isa = XCRemoteSwiftPackageReference;
			repositoryURL = "https://github.com/ReactiveX/RxSwift.git";
			requirement = {
				kind = upToNextMinorVersion;
				minimumVersion = 6.0.0;
			};
		};
		C36B44DC2D74EBD200E0BCC5 /* XCRemoteSwiftPackageReference "MBProgressHUD" */ = {
			isa = XCRemoteSwiftPackageReference;
			repositoryURL = "https://github.com/jdg/MBProgressHUD.git";
			requirement = {
				kind = upToNextMajorVersion;
				minimumVersion = 1.0.0;
			};
		};
/* End XCRemoteSwiftPackageReference section */

/* Begin XCSwiftPackageProductDependency section */
		C3034AA62D7523C500EE3076 /* Kingfisher */ = {
			isa = XCSwiftPackageProductDependency;
			package = C3034AA52D7523C500EE3076 /* XCRemoteSwiftPackageReference "Kingfisher" */;
			productName = Kingfisher;
		};
		C36B44612D74EAC400E0BCC5 /* Alamofire */ = {
			isa = XCSwiftPackageProductDependency;
			package = C36B44602D74EAC300E0BCC5 /* XCRemoteSwiftPackageReference "Alamofire" */;
			productName = Alamofire;
		};
		C36B44642D74EAE200E0BCC5 /* RxCocoa */ = {
			isa = XCSwiftPackageProductDependency;
			package = C36B44632D74EAE200E0BCC5 /* XCRemoteSwiftPackageReference "RxSwift" */;
			productName = RxCocoa;
		};
		C36B44662D74EAE200E0BCC5 /* RxSwift */ = {
			isa = XCSwiftPackageProductDependency;
			package = C36B44632D74EAE200E0BCC5 /* XCRemoteSwiftPackageReference "RxSwift" */;
			productName = RxSwift;
		};
		C36B44DD2D74EBD200E0BCC5 /* MBProgressHUD */ = {
			isa = XCSwiftPackageProductDependency;
			package = C36B44DC2D74EBD200E0BCC5 /* XCRemoteSwiftPackageReference "MBProgressHUD" */;
			productName = MBProgressHUD;
		};
/* End XCSwiftPackageProductDependency section */
	};
	rootObject = C36B44412D74E8BA00E0BCC5 /* Project object */;
}
